// !$*UTF8*$!
{
	archiveVersion = 1;
	classes = {
	};
	objectVersion = 46;
	objects = {

/* Begin PBXFileReference section */
		5D8B6C891554156800B5EA44 /* GNUmakefile */ = {isa = PBXFileReference; fileEncoding = 4; lastKnownFileType = text; path = GNUmakefile; sourceTree = "<group>"; };
		5D8B6C8A1554156800B5EA44 /* hoge.root */ = {isa = PBXFileReference; lastKnownFileType = file; path = hoge.root; sourceTree = "<group>"; };
		5D8B6C8E1554156800B5EA44 /* music.cc */ = {isa = PBXFileReference; fileEncoding = 4; lastKnownFileType = sourcecode.cpp.cpp; path = music.cc; sourceTree = "<group>"; };
		5D8B6C901554156800B5EA44 /* music5_02.tar.gz */ = {isa = PBXFileReference; lastKnownFileType = archive.gzip; path = music5_02.tar.gz; sourceTree = "<group>"; };
		5D8B6C921554156800B5EA44 /* out.root */ = {isa = PBXFileReference; lastKnownFileType = file; path = out.root; sourceTree = "<group>"; };
		5D8B6C931554156800B5EA44 /* README.md */ = {isa = PBXFileReference; fileEncoding = 4; lastKnownFileType = text; path = README.md; sourceTree = "<group>"; };
		5D8B6C951554156800B5EA44 /* run.sh */ = {isa = PBXFileReference; fileEncoding = 4; lastKnownFileType = text.script.sh; path = run.sh; sourceTree = "<group>"; };
		5D8B6C961554156800B5EA44 /* run1.mac */ = {isa = PBXFileReference; fileEncoding = 4; lastKnownFileType = text; path = run1.mac; sourceTree = "<group>"; };
		5D8B6C981554156800B5EA44 /* vis.mac */ = {isa = PBXFileReference; fileEncoding = 4; lastKnownFileType = text; path = vis.mac; sourceTree = "<group>"; };
		5D8B6C9A1554156800B5EA44 /* fieldmap_dipole.txt */ = {isa = PBXFileReference; fileEncoding = 4; lastKnownFileType = text; path = fieldmap_dipole.txt; sourceTree = "<group>"; };
		5D8B6C9B1554156800B5EA44 /* fieldmap_solenoid.txt */ = {isa = PBXFileReference; fileEncoding = 4; lastKnownFileType = text; path = fieldmap_solenoid.txt; sourceTree = "<group>"; };
		5D8B6C9C1554156800B5EA44 /* monitor6_By+0.04T_cor.root */ = {isa = PBXFileReference; lastKnownFileType = file; path = "monitor6_By+0.04T_cor.root"; sourceTree = "<group>"; };
		5D8B6C9D1554156800B5EA44 /* monitor6_By-0.04T_cor.root */ = {isa = PBXFileReference; lastKnownFileType = file; path = "monitor6_By-0.04T_cor.root"; sourceTree = "<group>"; };
		5D8B6C9E1554156800B5EA44 /* monitor6_By-0T_cor.root */ = {isa = PBXFileReference; lastKnownFileType = file; path = "monitor6_By-0T_cor.root"; sourceTree = "<group>"; };
		5D8B6C9F1554156800B5EA44 /* charged_particles_0-0.2-1mm_degrader.eps */ = {isa = PBXFileReference; fileEncoding = 4; lastKnownFileType = text; path = "charged_particles_0-0.2-1mm_degrader.eps"; sourceTree = "<group>"; };
		5D8B6CA01554156800B5EA44 /* muons_0-0.2-1mm_degrader.eps */ = {isa = PBXFileReference; fileEncoding = 4; lastKnownFileType = text; path = "muons_0-0.2-1mm_degrader.eps"; sourceTree = "<group>"; };
		5D8B6CA11554156800B5EA44 /* muons_0-0.2-5mm_degrader.eps */ = {isa = PBXFileReference; fileEncoding = 4; lastKnownFileType = text; path = "muons_0-0.2-5mm_degrader.eps"; sourceTree = "<group>"; };
		5D8B6CA21554156800B5EA44 /* muons_0-5-10mm_degrader.eps */ = {isa = PBXFileReference; fileEncoding = 4; lastKnownFileType = text; path = "muons_0-5-10mm_degrader.eps"; sourceTree = "<group>"; };
		5D8B6CA31554156800B5EA44 /* DetectorConstruction.hh */ = {isa = PBXFileReference; fileEncoding = 4; lastKnownFileType = sourcecode.cpp.h; path = DetectorConstruction.hh; sourceTree = "<group>"; };
		5D8B6CA41554156800B5EA44 /* DetectorConstructionMessenger.hh */ = {isa = PBXFileReference; fileEncoding = 4; lastKnownFileType = sourcecode.cpp.h; path = DetectorConstructionMessenger.hh; sourceTree = "<group>"; };
		5D8B6CA51554156800B5EA44 /* EventAction.hh */ = {isa = PBXFileReference; fileEncoding = 4; lastKnownFileType = sourcecode.cpp.h; path = EventAction.hh; sourceTree = "<group>"; };
		5D8B6CA61554156800B5EA44 /* Field.hh */ = {isa = PBXFileReference; fileEncoding = 4; lastKnownFileType = sourcecode.cpp.h; path = Field.hh; sourceTree = "<group>"; };
		5D8B6CA71554156800B5EA44 /* FieldDip.hh */ = {isa = PBXFileReference; fileEncoding = 4; lastKnownFileType = sourcecode.cpp.h; path = FieldDip.hh; sourceTree = "<group>"; };
		5D8B6CA81554156800B5EA44 /* FieldSol.hh */ = {isa = PBXFileReference; fileEncoding = 4; lastKnownFileType = sourcecode.cpp.h; path = FieldSol.hh; sourceTree = "<group>"; };
		5D8B6CA91554156800B5EA44 /* PrimaryGeneratorAction.hh */ = {isa = PBXFileReference; fileEncoding = 4; lastKnownFileType = sourcecode.cpp.h; path = PrimaryGeneratorAction.hh; sourceTree = "<group>"; };
		5D8B6CAA1554156800B5EA44 /* root.hh */ = {isa = PBXFileReference; fileEncoding = 4; lastKnownFileType = sourcecode.cpp.h; path = root.hh; sourceTree = "<group>"; };
		5D8B6CAB1554156800B5EA44 /* SteppingAction.hh */ = {isa = PBXFileReference; fileEncoding = 4; lastKnownFileType = sourcecode.cpp.h; path = SteppingAction.hh; sourceTree = "<group>"; };
		5D8B6CAD1554156800B5EA44 /* CalorimeterHit.hh */ = {isa = PBXFileReference; fileEncoding = 4; lastKnownFileType = sourcecode.cpp.h; path = CalorimeterHit.hh; sourceTree = "<group>"; };
		5D8B6CAE1554156800B5EA44 /* CalorimeterParametrisation.hh */ = {isa = PBXFileReference; fileEncoding = 4; lastKnownFileType = sourcecode.cpp.h; path = CalorimeterParametrisation.hh; sourceTree = "<group>"; };
		5D8B6CAF1554156800B5EA44 /* CalorimeterROGeometry.hh */ = {isa = PBXFileReference; fileEncoding = 4; lastKnownFileType = sourcecode.cpp.h; path = CalorimeterROGeometry.hh; sourceTree = "<group>"; };
		5D8B6CB01554156800B5EA44 /* CalorimeterSD.hh */ = {isa = PBXFileReference; fileEncoding = 4; lastKnownFileType = sourcecode.cpp.h; path = CalorimeterSD.hh; sourceTree = "<group>"; };
		5D8B6CB11554156800B5EA44 /* DetectorParameterDef.hh */ = {isa = PBXFileReference; fileEncoding = 4; lastKnownFileType = sourcecode.cpp.h; path = DetectorParameterDef.hh; sourceTree = "<group>"; };
		5D8B6CB21554156800B5EA44 /* DummySD.hh */ = {isa = PBXFileReference; fileEncoding = 4; lastKnownFileType = sourcecode.cpp.h; path = DummySD.hh; sourceTree = "<group>"; };
		5D8B6CB31554156800B5EA44 /* MuonHit.hh */ = {isa = PBXFileReference; fileEncoding = 4; lastKnownFileType = sourcecode.cpp.h; path = MuonHit.hh; sourceTree = "<group>"; };
		5D8B6CB41554156800B5EA44 /* MuonSD.hh */ = {isa = PBXFileReference; fileEncoding = 4; lastKnownFileType = sourcecode.cpp.h; path = MuonSD.hh; sourceTree = "<group>"; };
		5D8B6CB51554156800B5EA44 /* PrimaryGeneratorMessenger.hh */ = {isa = PBXFileReference; fileEncoding = 4; lastKnownFileType = sourcecode.cpp.h; path = PrimaryGeneratorMessenger.hh; sourceTree = "<group>"; };
		5D8B6CB61554156800B5EA44 /* StackingAction.hh */ = {isa = PBXFileReference; fileEncoding = 4; lastKnownFileType = sourcecode.cpp.h; path = StackingAction.hh; sourceTree = "<group>"; };
		5D8B6CB71554156800B5EA44 /* StackingActionMessenger.hh */ = {isa = PBXFileReference; fileEncoding = 4; lastKnownFileType = sourcecode.cpp.h; path = StackingActionMessenger.hh; sourceTree = "<group>"; };
		5D8B6CB81554156800B5EA44 /* SteppingVerbose.hh */ = {isa = PBXFileReference; fileEncoding = 4; lastKnownFileType = sourcecode.cpp.h; path = SteppingVerbose.hh; sourceTree = "<group>"; };
		5D8B6CB91554156800B5EA44 /* TrackerHit.hh */ = {isa = PBXFileReference; fileEncoding = 4; lastKnownFileType = sourcecode.cpp.h; path = TrackerHit.hh; sourceTree = "<group>"; };
		5D8B6CBA1554156800B5EA44 /* TrackerParametrisation.hh */ = {isa = PBXFileReference; fileEncoding = 4; lastKnownFileType = sourcecode.cpp.h; path = TrackerParametrisation.hh; sourceTree = "<group>"; };
		5D8B6CBB1554156800B5EA44 /* TrackerSD.hh */ = {isa = PBXFileReference; fileEncoding = 4; lastKnownFileType = sourcecode.cpp.h; path = TrackerSD.hh; sourceTree = "<group>"; };
		5D8B6CBC1554156800B5EA44 /* TrackingAction.hh */ = {isa = PBXFileReference; fileEncoding = 4; lastKnownFileType = sourcecode.cpp.h; path = TrackingAction.hh; sourceTree = "<group>"; };
		5D8B6CBD1554156800B5EA44 /* scan.C */ = {isa = PBXFileReference; fileEncoding = 4; lastKnownFileType = sourcecode.cpp.cpp; path = scan.C; sourceTree = "<group>"; };
		5D8B6CBE1554156800B5EA44 /* useful.C */ = {isa = PBXFileReference; fileEncoding = 4; lastKnownFileType = sourcecode.cpp.cpp; path = useful.C; sourceTree = "<group>"; };
		5D8B6CBF1554156800B5EA44 /* useful_C.d */ = {isa = PBXFileReference; fileEncoding = 4; lastKnownFileType = sourcecode.dtrace; path = useful_C.d; sourceTree = "<group>"; };
		5D8B6CC01554156800B5EA44 /* useful_C.so */ = {isa = PBXFileReference; lastKnownFileType = "compiled.mach-o.dylib"; path = useful_C.so; sourceTree = "<group>"; };
		5D8B6CC11554156800B5EA44 /* x_y_average_mom.C */ = {isa = PBXFileReference; fileEncoding = 4; lastKnownFileType = sourcecode.cpp.cpp; path = x_y_average_mom.C; sourceTree = "<group>"; };
		5D8B6CC21554156900B5EA44 /* MuSIC5.xcodeproj */ = {isa = PBXFileReference; lastKnownFileType = "wrapper.pb-project"; path = MuSIC5.xcodeproj; sourceTree = "<group>"; };
		5D8B6CC51554156900B5EA44 /* 0.2mm_degrader.root */ = {isa = PBXFileReference; lastKnownFileType = file; path = 0.2mm_degrader.root; sourceTree = "<group>"; };
		5D8B6CC61554156900B5EA44 /* 10mm_degrader.root */ = {isa = PBXFileReference; lastKnownFileType = file; path = 10mm_degrader.root; sourceTree = "<group>"; };
		5D8B6CC71554156900B5EA44 /* 1mm_degrader.root */ = {isa = PBXFileReference; lastKnownFileType = file; path = 1mm_degrader.root; sourceTree = "<group>"; };
		5D8B6CC81554156900B5EA44 /* 5mm_degrader.root */ = {isa = PBXFileReference; lastKnownFileType = file; path = 5mm_degrader.root; sourceTree = "<group>"; };
		5D8B6CC91554156900B5EA44 /* no_degrader.root */ = {isa = PBXFileReference; lastKnownFileType = file; path = no_degrader.root; sourceTree = "<group>"; };
		5D8B6CCA1554156900B5EA44 /* test.root */ = {isa = PBXFileReference; lastKnownFileType = file; path = test.root; sourceTree = "<group>"; };
		5D8B6CCB1554156900B5EA44 /* monitor6_By-0T_cor.root */ = {isa = PBXFileReference; lastKnownFileType = file; path = "monitor6_By-0T_cor.root"; sourceTree = "<group>"; };
		5D8B6CCC1554156900B5EA44 /* DetectorConstruction.cc */ = {isa = PBXFileReference; fileEncoding = 4; lastKnownFileType = sourcecode.cpp.cpp; path = DetectorConstruction.cc; sourceTree = "<group>"; };
		5D8B6CCD1554156900B5EA44 /* DetectorConstructionMessenger.cc */ = {isa = PBXFileReference; fileEncoding = 4; lastKnownFileType = sourcecode.cpp.cpp; path = DetectorConstructionMessenger.cc; sourceTree = "<group>"; };
		5D8B6CCE1554156900B5EA44 /* EventAction.cc */ = {isa = PBXFileReference; fileEncoding = 4; lastKnownFileType = sourcecode.cpp.cpp; path = EventAction.cc; sourceTree = "<group>"; };
		5D8B6CCF1554156900B5EA44 /* Field.cc */ = {isa = PBXFileReference; fileEncoding = 4; lastKnownFileType = sourcecode.cpp.cpp; path = Field.cc; sourceTree = "<group>"; };
		5D8B6CD01554156900B5EA44 /* FieldDip.cc */ = {isa = PBXFileReference; fileEncoding = 4; lastKnownFileType = sourcecode.cpp.cpp; path = FieldDip.cc; sourceTree = "<group>"; };
		5D8B6CD11554156900B5EA44 /* FieldSol.cc */ = {isa = PBXFileReference; fileEncoding = 4; lastKnownFileType = sourcecode.cpp.cpp; path = FieldSol.cc; sourceTree = "<group>"; };
		5D8B6CD21554156900B5EA44 /* PrimaryGeneratorAction.cc */ = {isa = PBXFileReference; fileEncoding = 4; lastKnownFileType = sourcecode.cpp.cpp; path = PrimaryGeneratorAction.cc; sourceTree = "<group>"; };
		5D8B6CD31554156900B5EA44 /* root.cc */ = {isa = PBXFileReference; fileEncoding = 4; lastKnownFileType = sourcecode.cpp.cpp; path = root.cc; sourceTree = "<group>"; };
		5D8B6CD41554156900B5EA44 /* SteppingAction.cc */ = {isa = PBXFileReference; fileEncoding = 4; lastKnownFileType = sourcecode.cpp.cpp; path = SteppingAction.cc; sourceTree = "<group>"; };
		5D8B6CD51554156900B5EA44 /* SteppingVerbose.cc.org */ = {isa = PBXFileReference; fileEncoding = 4; lastKnownFileType = text; path = SteppingVerbose.cc.org; sourceTree = "<group>"; };
		5D8B6CD91554156900B5EA44 /* music */ = {isa = PBXFileReference; lastKnownFileType = "compiled.mach-o.executable"; path = music; sourceTree = "<group>"; };
		5D8B6CDC1554156900B5EA44 /* DetectorConstruction.d */ = {isa = PBXFileReference; fileEncoding = 4; lastKnownFileType = sourcecode.dtrace; path = DetectorConstruction.d; sourceTree = "<group>"; };
		5D8B6CDD1554156900B5EA44 /* DetectorConstruction.o */ = {isa = PBXFileReference; lastKnownFileType = "compiled.mach-o.objfile"; path = DetectorConstruction.o; sourceTree = "<group>"; };
		5D8B6CDE1554156900B5EA44 /* DetectorConstructionMessenger.d */ = {isa = PBXFileReference; fileEncoding = 4; lastKnownFileType = sourcecode.dtrace; path = DetectorConstructionMessenger.d; sourceTree = "<group>"; };
		5D8B6CDF1554156900B5EA44 /* DetectorConstructionMessenger.o */ = {isa = PBXFileReference; lastKnownFileType = "compiled.mach-o.objfile"; path = DetectorConstructionMessenger.o; sourceTree = "<group>"; };
		5D8B6CE01554156900B5EA44 /* EventAction.d */ = {isa = PBXFileReference; fileEncoding = 4; lastKnownFileType = sourcecode.dtrace; path = EventAction.d; sourceTree = "<group>"; };
		5D8B6CE11554156900B5EA44 /* EventAction.o */ = {isa = PBXFileReference; lastKnownFileType = "compiled.mach-o.objfile"; path = EventAction.o; sourceTree = "<group>"; };
		5D8B6CE31554156900B5EA44 /* Field.d */ = {isa = PBXFileReference; fileEncoding = 4; lastKnownFileType = sourcecode.dtrace; path = Field.d; sourceTree = "<group>"; };
		5D8B6CE41554156900B5EA44 /* Field.o */ = {isa = PBXFileReference; lastKnownFileType = "compiled.mach-o.objfile"; path = Field.o; sourceTree = "<group>"; };
		5D8B6CE51554156900B5EA44 /* FieldDip.d */ = {isa = PBXFileReference; fileEncoding = 4; lastKnownFileType = sourcecode.dtrace; path = FieldDip.d; sourceTree = "<group>"; };
		5D8B6CE61554156900B5EA44 /* FieldDip.o */ = {isa = PBXFileReference; lastKnownFileType = "compiled.mach-o.objfile"; path = FieldDip.o; sourceTree = "<group>"; };
		5D8B6CE71554156900B5EA44 /* FieldSol.d */ = {isa = PBXFileReference; fileEncoding = 4; lastKnownFileType = sourcecode.dtrace; path = FieldSol.d; sourceTree = "<group>"; };
		5D8B6CE81554156900B5EA44 /* FieldSol.o */ = {isa = PBXFileReference; lastKnownFileType = "compiled.mach-o.objfile"; path = FieldSol.o; sourceTree = "<group>"; };
		5D8B6CE91554156900B5EA44 /* libmusic.dylib */ = {isa = PBXFileReference; lastKnownFileType = "compiled.mach-o.dylib"; path = libmusic.dylib; sourceTree = "<group>"; };
		5D8B6CEA1554156900B5EA44 /* obj.last */ = {isa = PBXFileReference; fileEncoding = 4; lastKnownFileType = text; path = obj.last; sourceTree = "<group>"; };
		5D8B6CEB1554156900B5EA44 /* PrimaryGeneratorAction.d */ = {isa = PBXFileReference; fileEncoding = 4; lastKnownFileType = sourcecode.dtrace; path = PrimaryGeneratorAction.d; sourceTree = "<group>"; };
		5D8B6CEC1554156900B5EA44 /* PrimaryGeneratorAction.o */ = {isa = PBXFileReference; lastKnownFileType = "compiled.mach-o.objfile"; path = PrimaryGeneratorAction.o; sourceTree = "<group>"; };
		5D8B6CED1554156900B5EA44 /* root.d */ = {isa = PBXFileReference; fileEncoding = 4; lastKnownFileType = sourcecode.dtrace; path = root.d; sourceTree = "<group>"; };
		5D8B6CEE1554156900B5EA44 /* root.o */ = {isa = PBXFileReference; lastKnownFileType = "compiled.mach-o.objfile"; path = root.o; sourceTree = "<group>"; };
		5D8B6CEF1554156900B5EA44 /* SteppingAction.d */ = {isa = PBXFileReference; fileEncoding = 4; lastKnownFileType = sourcecode.dtrace; path = SteppingAction.d; sourceTree = "<group>"; };
		5D8B6CF01554156900B5EA44 /* SteppingAction.o */ = {isa = PBXFileReference; lastKnownFileType = "compiled.mach-o.objfile"; path = SteppingAction.o; sourceTree = "<group>"; };
		5D8B6CF11554156900B5EA44 /* music.d */ = {isa = PBXFileReference; fileEncoding = 4; lastKnownFileType = sourcecode.dtrace; path = music.d; sourceTree = "<group>"; };
		5D8B6CF21554156900B5EA44 /* music.o */ = {isa = PBXFileReference; lastKnownFileType = "compiled.mach-o.objfile"; path = music.o; sourceTree = "<group>"; };
		5D8B6CF31554156900B5EA44 /* obj.last */ = {isa = PBXFileReference; fileEncoding = 4; lastKnownFileType = text; path = obj.last; sourceTree = "<group>"; };
/* End PBXFileReference section */

/* Begin PBXGroup section */
		5D1C78D01556F62500E073E5 /* Products */ = {
			isa = PBXGroup;
			children = (
			);
			name = Products;
			sourceTree = "<group>";
		};
		5D8B6C791554154900B5EA44 = {
			isa = PBXGroup;
			children = (
				5D8B6C861554156800B5EA44 /* MuSIC5_detector */,
				5D1C78D01556F62500E073E5 /* Products */,
			);
			sourceTree = "<group>";
		};
		5D8B6C861554156800B5EA44 /* MuSIC5_detector */ = {
			isa = PBXGroup;
			children = (
				5D8B6C871554156800B5EA44 /* fieldmap */,
				5D8B6C881554156800B5EA44 /* g4blout */,
				5D8B6C891554156800B5EA44 /* GNUmakefile */,
				5D8B6C8A1554156800B5EA44 /* hoge.root */,
				5D8B6C8B1554156800B5EA44 /* images */,
				5D8B6C8C1554156800B5EA44 /* include */,
				5D8B6C8D1554156800B5EA44 /* macro */,
				5D8B6C8E1554156800B5EA44 /* music.cc */,
				5D8B6C8F1554156800B5EA44 /* MuSIC5 */,
				5D8B6C901554156800B5EA44 /* music5_02.tar.gz */,
				5D8B6C911554156800B5EA44 /* out */,
				5D8B6C921554156800B5EA44 /* out.root */,
				5D8B6C931554156800B5EA44 /* README.md */,
				5D8B6C941554156800B5EA44 /* root */,
				5D8B6C951554156800B5EA44 /* run.sh */,
				5D8B6C961554156800B5EA44 /* run1.mac */,
				5D8B6C971554156800B5EA44 /* src */,
				5D8B6C981554156800B5EA44 /* vis.mac */,
				5D8B6C991554156800B5EA44 /* WD */,
			);
			name = MuSIC5_detector;
			path = ..;
			sourceTree = "<group>";
		};
		5D8B6C871554156800B5EA44 /* fieldmap */ = {
			isa = PBXGroup;
			children = (
				5D8B6C9A1554156800B5EA44 /* fieldmap_dipole.txt */,
				5D8B6C9B1554156800B5EA44 /* fieldmap_solenoid.txt */,
			);
			path = fieldmap;
			sourceTree = "<group>";
		};
		5D8B6C881554156800B5EA44 /* g4blout */ = {
			isa = PBXGroup;
			children = (
				5D8B6C9C1554156800B5EA44 /* monitor6_By+0.04T_cor.root */,
				5D8B6C9D1554156800B5EA44 /* monitor6_By-0.04T_cor.root */,
				5D8B6C9E1554156800B5EA44 /* monitor6_By-0T_cor.root */,
			);
			path = g4blout;
			sourceTree = "<group>";
		};
		5D8B6C8B1554156800B5EA44 /* images */ = {
			isa = PBXGroup;
			children = (
				5D8B6C9F1554156800B5EA44 /* charged_particles_0-0.2-1mm_degrader.eps */,
				5D8B6CA01554156800B5EA44 /* muons_0-0.2-1mm_degrader.eps */,
				5D8B6CA11554156800B5EA44 /* muons_0-0.2-5mm_degrader.eps */,
				5D8B6CA21554156800B5EA44 /* muons_0-5-10mm_degrader.eps */,
			);
			path = images;
			sourceTree = "<group>";
		};
		5D8B6C8C1554156800B5EA44 /* include */ = {
			isa = PBXGroup;
			children = (
				5D8B6CA31554156800B5EA44 /* DetectorConstruction.hh */,
				5D8B6CA41554156800B5EA44 /* DetectorConstructionMessenger.hh */,
				5D8B6CA51554156800B5EA44 /* EventAction.hh */,
				5D8B6CA61554156800B5EA44 /* Field.hh */,
				5D8B6CA71554156800B5EA44 /* FieldDip.hh */,
				5D8B6CA81554156800B5EA44 /* FieldSol.hh */,
				5D8B6CA91554156800B5EA44 /* PrimaryGeneratorAction.hh */,
				5D8B6CAA1554156800B5EA44 /* root.hh */,
				5D8B6CAB1554156800B5EA44 /* SteppingAction.hh */,
				5D8B6CAC1554156800B5EA44 /* tmp */,
			);
			path = include;
			sourceTree = "<group>";
		};
		5D8B6C8D1554156800B5EA44 /* macro */ = {
			isa = PBXGroup;
			children = (
				5D8B6CBD1554156800B5EA44 /* scan.C */,
				5D8B6CBE1554156800B5EA44 /* useful.C */,
				5D8B6CBF1554156800B5EA44 /* useful_C.d */,
				5D8B6CC01554156800B5EA44 /* useful_C.so */,
				5D8B6CC11554156800B5EA44 /* x_y_average_mom.C */,
			);
			path = macro;
			sourceTree = "<group>";
		};
		5D8B6C8F1554156800B5EA44 /* MuSIC5 */ = {
			isa = PBXGroup;
			children = (
				5D8B6CC21554156900B5EA44 /* MuSIC5.xcodeproj */,
			);
			path = MuSIC5;
			sourceTree = "<group>";
		};
		5D8B6C911554156800B5EA44 /* out */ = {
			isa = PBXGroup;
			children = (
				5D8B6CC51554156900B5EA44 /* 0.2mm_degrader.root */,
				5D8B6CC61554156900B5EA44 /* 10mm_degrader.root */,
				5D8B6CC71554156900B5EA44 /* 1mm_degrader.root */,
				5D8B6CC81554156900B5EA44 /* 5mm_degrader.root */,
				5D8B6CC91554156900B5EA44 /* no_degrader.root */,
				5D8B6CCA1554156900B5EA44 /* test.root */,
			);
			path = out;
			sourceTree = "<group>";
		};
		5D8B6C941554156800B5EA44 /* root */ = {
			isa = PBXGroup;
			children = (
				5D8B6CCB1554156900B5EA44 /* monitor6_By-0T_cor.root */,
			);
			path = root;
			sourceTree = "<group>";
		};
		5D8B6C971554156800B5EA44 /* src */ = {
			isa = PBXGroup;
			children = (
				5D8B6CCC1554156900B5EA44 /* DetectorConstruction.cc */,
				5D8B6CCD1554156900B5EA44 /* DetectorConstructionMessenger.cc */,
				5D8B6CCE1554156900B5EA44 /* EventAction.cc */,
				5D8B6CCF1554156900B5EA44 /* Field.cc */,
				5D8B6CD01554156900B5EA44 /* FieldDip.cc */,
				5D8B6CD11554156900B5EA44 /* FieldSol.cc */,
				5D8B6CD21554156900B5EA44 /* PrimaryGeneratorAction.cc */,
				5D8B6CD31554156900B5EA44 /* root.cc */,
				5D8B6CD41554156900B5EA44 /* SteppingAction.cc */,
				5D8B6CD51554156900B5EA44 /* SteppingVerbose.cc.org */,
			);
			path = src;
			sourceTree = "<group>";
		};
		5D8B6C991554156800B5EA44 /* WD */ = {
			isa = PBXGroup;
			children = (
				5D8B6CD61554156900B5EA44 /* bin */,
				5D8B6CD71554156900B5EA44 /* tmp */,
			);
			path = WD;
			sourceTree = "<group>";
		};
		5D8B6CAC1554156800B5EA44 /* tmp */ = {
			isa = PBXGroup;
			children = (
				5D8B6CAD1554156800B5EA44 /* CalorimeterHit.hh */,
				5D8B6CAE1554156800B5EA44 /* CalorimeterParametrisation.hh */,
				5D8B6CAF1554156800B5EA44 /* CalorimeterROGeometry.hh */,
				5D8B6CB01554156800B5EA44 /* CalorimeterSD.hh */,
				5D8B6CB11554156800B5EA44 /* DetectorParameterDef.hh */,
				5D8B6CB21554156800B5EA44 /* DummySD.hh */,
				5D8B6CB31554156800B5EA44 /* MuonHit.hh */,
				5D8B6CB41554156800B5EA44 /* MuonSD.hh */,
				5D8B6CB51554156800B5EA44 /* PrimaryGeneratorMessenger.hh */,
				5D8B6CB61554156800B5EA44 /* StackingAction.hh */,
				5D8B6CB71554156800B5EA44 /* StackingActionMessenger.hh */,
				5D8B6CB81554156800B5EA44 /* SteppingVerbose.hh */,
				5D8B6CB91554156800B5EA44 /* TrackerHit.hh */,
				5D8B6CBA1554156800B5EA44 /* TrackerParametrisation.hh */,
				5D8B6CBB1554156800B5EA44 /* TrackerSD.hh */,
				5D8B6CBC1554156800B5EA44 /* TrackingAction.hh */,
			);
			path = tmp;
			sourceTree = "<group>";
		};
		5D8B6CC31554156900B5EA44 /* Products */ = {
			isa = PBXGroup;
			name = Products;
			sourceTree = "<group>";
		};
		5D8B6CD61554156900B5EA44 /* bin */ = {
			isa = PBXGroup;
			children = (
				5D8B6CD81554156900B5EA44 /* Darwin-g++ */,
			);
			path = bin;
			sourceTree = "<group>";
		};
		5D8B6CD71554156900B5EA44 /* tmp */ = {
			isa = PBXGroup;
			children = (
				5D8B6CDA1554156900B5EA44 /* Darwin-g++ */,
			);
			path = tmp;
			sourceTree = "<group>";
		};
		5D8B6CD81554156900B5EA44 /* Darwin-g++ */ = {
			isa = PBXGroup;
			children = (
				5D8B6CD91554156900B5EA44 /* music */,
			);
			path = "Darwin-g++";
			sourceTree = "<group>";
		};
		5D8B6CDA1554156900B5EA44 /* Darwin-g++ */ = {
			isa = PBXGroup;
			children = (
				5D8B6CDB1554156900B5EA44 /* music */,
			);
			path = "Darwin-g++";
			sourceTree = "<group>";
		};
		5D8B6CDB1554156900B5EA44 /* music */ = {
			isa = PBXGroup;
			children = (
				5D8B6CDC1554156900B5EA44 /* DetectorConstruction.d */,
				5D8B6CDD1554156900B5EA44 /* DetectorConstruction.o */,
				5D8B6CDE1554156900B5EA44 /* DetectorConstructionMessenger.d */,
				5D8B6CDF1554156900B5EA44 /* DetectorConstructionMessenger.o */,
				5D8B6CE01554156900B5EA44 /* EventAction.d */,
				5D8B6CE11554156900B5EA44 /* EventAction.o */,
				5D8B6CE21554156900B5EA44 /* exe */,
				5D8B6CE31554156900B5EA44 /* Field.d */,
				5D8B6CE41554156900B5EA44 /* Field.o */,
				5D8B6CE51554156900B5EA44 /* FieldDip.d */,
				5D8B6CE61554156900B5EA44 /* FieldDip.o */,
				5D8B6CE71554156900B5EA44 /* FieldSol.d */,
				5D8B6CE81554156900B5EA44 /* FieldSol.o */,
				5D8B6CE91554156900B5EA44 /* libmusic.dylib */,
				5D8B6CEA1554156900B5EA44 /* obj.last */,
				5D8B6CEB1554156900B5EA44 /* PrimaryGeneratorAction.d */,
				5D8B6CEC1554156900B5EA44 /* PrimaryGeneratorAction.o */,
				5D8B6CED1554156900B5EA44 /* root.d */,
				5D8B6CEE1554156900B5EA44 /* root.o */,
				5D8B6CEF1554156900B5EA44 /* SteppingAction.d */,
				5D8B6CF01554156900B5EA44 /* SteppingAction.o */,
			);
			path = music;
			sourceTree = "<group>";
		};
		5D8B6CE21554156900B5EA44 /* exe */ = {
			isa = PBXGroup;
			children = (
				5D8B6CF11554156900B5EA44 /* music.d */,
				5D8B6CF21554156900B5EA44 /* music.o */,
				5D8B6CF31554156900B5EA44 /* obj.last */,
			);
			path = exe;
			sourceTree = "<group>";
		};
/* End PBXGroup section */

/* Begin PBXLegacyTarget section */
		5D8B6C801554154900B5EA44 /* MuSIC5 */ = {
			isa = PBXLegacyTarget;
			buildArgumentsString = "$(ACTION)";
			buildConfigurationList = 5D8B6C831554154900B5EA44 /* Build configuration list for PBXLegacyTarget "MuSIC5" */;
			buildPhases = (
			);
			buildToolPath = /usr/bin/make;
			buildWorkingDirectory = /Users/samcook/code/MuSIC/simulation/MuSIC_5_detector_sim/MuSIC5/MuSIC5_detector;
			dependencies = (
			);
			name = MuSIC5;
			passBuildSettingsInEnvironment = 1;
			productName = MuSIC5;
		};
/* End PBXLegacyTarget section */

/* Begin PBXProject section */
		5D8B6C7B1554154900B5EA44 /* Project object */ = {
			isa = PBXProject;
			attributes = {
				LastUpgradeCheck = 0430;
			};
			buildConfigurationList = 5D8B6C7E1554154900B5EA44 /* Build configuration list for PBXProject "MuSIC5" */;
			compatibilityVersion = "Xcode 3.2";
			developmentRegion = English;
			hasScannedForEncodings = 0;
			knownRegions = (
				en,
			);
			mainGroup = 5D8B6C791554154900B5EA44;
			productRefGroup = 5D1C78D01556F62500E073E5 /* Products */;
			projectDirPath = "";
			projectReferences = (
				{
					ProductGroup = 5D8B6CC31554156900B5EA44 /* Products */;
					ProjectRef = 5D8B6CC21554156900B5EA44 /* MuSIC5.xcodeproj */;
				},
			);
			projectRoot = "";
			targets = (
				5D8B6C801554154900B5EA44 /* MuSIC5 */,
			);
		};
/* End PBXProject section */

/* Begin XCBuildConfiguration section */
		5D8B6C811554154900B5EA44 /* Debug */ = {
			isa = XCBuildConfiguration;
			buildSettings = {
				ALWAYS_SEARCH_USER_PATHS = NO;
				ARCHS = "$(ARCHS_STANDARD_64_BIT)";
				COPY_PHASE_STRIP = NO;
				GCC_C_LANGUAGE_STANDARD = gnu99;
				GCC_DYNAMIC_NO_PIC = NO;
				GCC_ENABLE_OBJC_EXCEPTIONS = YES;
				GCC_OPTIMIZATION_LEVEL = 0;
				GCC_PREPROCESSOR_DEFINITIONS = (
					"DEBUG=1",
					"$(inherited)",
				);
				GCC_SYMBOLS_PRIVATE_EXTERN = NO;
				GCC_VERSION = com.apple.compilers.llvm.clang.1_0;
				GCC_WARN_64_TO_32_BIT_CONVERSION = YES;
				GCC_WARN_ABOUT_RETURN_TYPE = YES;
				GCC_WARN_UNINITIALIZED_AUTOS = YES;
				GCC_WARN_UNUSED_VARIABLE = YES;
				MACOSX_DEPLOYMENT_TARGET = 10.7;
				ONLY_ACTIVE_ARCH = YES;
				SDKROOT = macosx;
			};
			name = Debug;
		};
		5D8B6C821554154900B5EA44 /* Release */ = {
			isa = XCBuildConfiguration;
			buildSettings = {
				ALWAYS_SEARCH_USER_PATHS = NO;
				ARCHS = "$(ARCHS_STANDARD_64_BIT)";
				COPY_PHASE_STRIP = YES;
				DEBUG_INFORMATION_FORMAT = "dwarf-with-dsym";
				GCC_C_LANGUAGE_STANDARD = gnu99;
				GCC_ENABLE_OBJC_EXCEPTIONS = YES;
				GCC_VERSION = com.apple.compilers.llvm.clang.1_0;
				GCC_WARN_64_TO_32_BIT_CONVERSION = YES;
				GCC_WARN_ABOUT_RETURN_TYPE = YES;
				GCC_WARN_UNINITIALIZED_AUTOS = YES;
				GCC_WARN_UNUSED_VARIABLE = YES;
				MACOSX_DEPLOYMENT_TARGET = 10.7;
				SDKROOT = macosx;
			};
			name = Release;
		};
		5D8B6C841554154900B5EA44 /* Debug */ = {
			isa = XCBuildConfiguration;
			buildSettings = {
				DEBUGGING_SYMBOLS = YES;
				GCC_GENERATE_DEBUGGING_SYMBOLS = YES;
				GCC_OPTIMIZATION_LEVEL = 0;
				OTHER_CFLAGS = "";
				OTHER_LDFLAGS = "";
				PRODUCT_NAME = "$(TARGET_NAME)";
			};
			name = Debug;
		};
		5D8B6C851554154900B5EA44 /* Release */ = {
			isa = XCBuildConfiguration;
			buildSettings = {
				OTHER_CFLAGS = "";
				OTHER_LDFLAGS = "";
				PRODUCT_NAME = "$(TARGET_NAME)";
			};
			name = Release;
		};
/* End XCBuildConfiguration section */

/* Begin XCConfigurationList section */
		5D8B6C7E1554154900B5EA44 /* Build configuration list for PBXProject "MuSIC5" */ = {
			isa = XCConfigurationList;
			buildConfigurations = (
				5D8B6C811554154900B5EA44 /* Debug */,
				5D8B6C821554154900B5EA44 /* Release */,
			);
			defaultConfigurationIsVisible = 0;
			defaultConfigurationName = Release;
		};
		5D8B6C831554154900B5EA44 /* Build configuration list for PBXLegacyTarget "MuSIC5" */ = {
			isa = XCConfigurationList;
			buildConfigurations = (
				5D8B6C841554154900B5EA44 /* Debug */,
				5D8B6C851554154900B5EA44 /* Release */,
			);
			defaultConfigurationIsVisible = 0;
			defaultConfigurationName = Release;
		};
/* End XCConfigurationList section */
	};
	rootObject = 5D8B6C7B1554154900B5EA44 /* Project object */;
}
