// !$*UTF8*$!
{
	archiveVersion = 1;
	classes = {
	};
	objectVersion = 46;
	objects = {

/* Begin PBXBuildFile section */
		5D2F228D163EB4C600958E16 /* EventAction.cc in Sources */ = {isa = PBXBuildFile; fileRef = 5D2F228A163EB4C600958E16 /* EventAction.cc */; };
		5D2F228E163EB4C600958E16 /* Root.cc in Sources */ = {isa = PBXBuildFile; fileRef = 5D2F228B163EB4C600958E16 /* Root.cc */; };
		5D2F228F163EB4C600958E16 /* SteppingAction.cc in Sources */ = {isa = PBXBuildFile; fileRef = 5D2F228C163EB4C600958E16 /* SteppingAction.cc */; };
		5D2F2296163EDC7C00958E16 /* libCore.so in Frameworks */ = {isa = PBXBuildFile; fileRef = 5D2F2293163EDC7C00958E16 /* libCore.so */; settings = {ATTRIBUTES = (Weak, ); }; };
		5D2F2297163EDC7C00958E16 /* libRIO.so in Frameworks */ = {isa = PBXBuildFile; fileRef = 5D2F2294163EDC7C00958E16 /* libRIO.so */; settings = {ATTRIBUTES = (Weak, ); }; };
		5D2F2298163EDC7C00958E16 /* libTree.so in Frameworks */ = {isa = PBXBuildFile; fileRef = 5D2F2295163EDC7C00958E16 /* libTree.so */; settings = {ATTRIBUTES = (Weak, ); }; };
		5D2F229D163F055400958E16 /* DetectorConstructionMessenger.cc in Sources */ = {isa = PBXBuildFile; fileRef = 5D2F229C163F055400958E16 /* DetectorConstructionMessenger.cc */; };
		5DC9BD94163AD77100FD09EC /* Simple_muon_sim.cc in Sources */ = {isa = PBXBuildFile; fileRef = 5DC9BD8F163AD77100FD09EC /* Simple_muon_sim.cc */; };
		5DD44AB9163DBB3D0097D467 /* libG4analysis.dylib in Frameworks */ = {isa = PBXBuildFile; fileRef = 5DD44A98163DBB3D0097D467 /* libG4analysis.dylib */; settings = {ATTRIBUTES = (Weak, ); }; };
		5DD44ABA163DBB3D0097D467 /* libG4clhep.dylib in Frameworks */ = {isa = PBXBuildFile; fileRef = 5DD44A99163DBB3D0097D467 /* libG4clhep.dylib */; settings = {ATTRIBUTES = (Weak, ); }; };
		5DD44ABB163DBB3D0097D467 /* libG4digits_hits.dylib in Frameworks */ = {isa = PBXBuildFile; fileRef = 5DD44A9A163DBB3D0097D467 /* libG4digits_hits.dylib */; settings = {ATTRIBUTES = (Weak, ); }; };
		5DD44ABC163DBB3D0097D467 /* libG4error_propagation.dylib in Frameworks */ = {isa = PBXBuildFile; fileRef = 5DD44A9B163DBB3D0097D467 /* libG4error_propagation.dylib */; settings = {ATTRIBUTES = (Weak, ); }; };
		5DD44ABD163DBB3D0097D467 /* libG4event.dylib in Frameworks */ = {isa = PBXBuildFile; fileRef = 5DD44A9C163DBB3D0097D467 /* libG4event.dylib */; settings = {ATTRIBUTES = (Weak, ); }; };
		5DD44ABE163DBB3D0097D467 /* libG4FR.dylib in Frameworks */ = {isa = PBXBuildFile; fileRef = 5DD44A9D163DBB3D0097D467 /* libG4FR.dylib */; settings = {ATTRIBUTES = (Weak, ); }; };
		5DD44ABF163DBB3D0097D467 /* libG4geometry.dylib in Frameworks */ = {isa = PBXBuildFile; fileRef = 5DD44A9E163DBB3D0097D467 /* libG4geometry.dylib */; settings = {ATTRIBUTES = (Weak, ); }; };
		5DD44AC0163DBB3D0097D467 /* libG4gl2ps.dylib in Frameworks */ = {isa = PBXBuildFile; fileRef = 5DD44A9F163DBB3D0097D467 /* libG4gl2ps.dylib */; settings = {ATTRIBUTES = (Weak, ); }; };
		5DD44AC1163DBB3D0097D467 /* libG4global.dylib in Frameworks */ = {isa = PBXBuildFile; fileRef = 5DD44AA0163DBB3D0097D467 /* libG4global.dylib */; settings = {ATTRIBUTES = (Weak, ); }; };
		5DD44AC2163DBB3D0097D467 /* libG4GMocren.dylib in Frameworks */ = {isa = PBXBuildFile; fileRef = 5DD44AA1163DBB3D0097D467 /* libG4GMocren.dylib */; settings = {ATTRIBUTES = (Weak, ); }; };
		5DD44AC3163DBB3D0097D467 /* libG4graphics_reps.dylib in Frameworks */ = {isa = PBXBuildFile; fileRef = 5DD44AA2163DBB3D0097D467 /* libG4graphics_reps.dylib */; settings = {ATTRIBUTES = (Weak, ); }; };
		5DD44AC4163DBB3D0097D467 /* libG4intercoms.dylib in Frameworks */ = {isa = PBXBuildFile; fileRef = 5DD44AA3163DBB3D0097D467 /* libG4intercoms.dylib */; settings = {ATTRIBUTES = (Weak, ); }; };
		5DD44AC5163DBB3D0097D467 /* libG4interfaces.dylib in Frameworks */ = {isa = PBXBuildFile; fileRef = 5DD44AA4163DBB3D0097D467 /* libG4interfaces.dylib */; settings = {ATTRIBUTES = (Weak, ); }; };
		5DD44AC6163DBB3D0097D467 /* libG4materials.dylib in Frameworks */ = {isa = PBXBuildFile; fileRef = 5DD44AA5163DBB3D0097D467 /* libG4materials.dylib */; settings = {ATTRIBUTES = (Weak, ); }; };
		5DD44AC7163DBB3D0097D467 /* libG4modeling.dylib in Frameworks */ = {isa = PBXBuildFile; fileRef = 5DD44AA6163DBB3D0097D467 /* libG4modeling.dylib */; settings = {ATTRIBUTES = (Weak, ); }; };
		5DD44AC8163DBB3D0097D467 /* libG4OpenGL.dylib in Frameworks */ = {isa = PBXBuildFile; fileRef = 5DD44AA7163DBB3D0097D467 /* libG4OpenGL.dylib */; settings = {ATTRIBUTES = (Weak, ); }; };
		5DD44AC9163DBB3D0097D467 /* libG4parmodels.dylib in Frameworks */ = {isa = PBXBuildFile; fileRef = 5DD44AA8163DBB3D0097D467 /* libG4parmodels.dylib */; settings = {ATTRIBUTES = (Weak, ); }; };
		5DD44ACA163DBB3D0097D467 /* libG4particles.dylib in Frameworks */ = {isa = PBXBuildFile; fileRef = 5DD44AA9163DBB3D0097D467 /* libG4particles.dylib */; settings = {ATTRIBUTES = (Weak, ); }; };
		5DD44ACB163DBB3D0097D467 /* libG4persistency.dylib in Frameworks */ = {isa = PBXBuildFile; fileRef = 5DD44AAA163DBB3D0097D467 /* libG4persistency.dylib */; settings = {ATTRIBUTES = (Weak, ); }; };
		5DD44ACC163DBB3D0097D467 /* libG4physicslists.dylib in Frameworks */ = {isa = PBXBuildFile; fileRef = 5DD44AAB163DBB3D0097D467 /* libG4physicslists.dylib */; settings = {ATTRIBUTES = (Weak, ); }; };
		5DD44ACE163DBB3D0097D467 /* libG4RayTracer.dylib in Frameworks */ = {isa = PBXBuildFile; fileRef = 5DD44AAD163DBB3D0097D467 /* libG4RayTracer.dylib */; settings = {ATTRIBUTES = (Weak, ); }; };
		5DD44ACF163DBB3D0097D467 /* libG4readout.dylib in Frameworks */ = {isa = PBXBuildFile; fileRef = 5DD44AAE163DBB3D0097D467 /* libG4readout.dylib */; settings = {ATTRIBUTES = (Weak, ); }; };
		5DD44AD0163DBB3D0097D467 /* libG4run.dylib in Frameworks */ = {isa = PBXBuildFile; fileRef = 5DD44AAF163DBB3D0097D467 /* libG4run.dylib */; settings = {ATTRIBUTES = (Weak, ); }; };
		5DD44AD1163DBB3D0097D467 /* libG4track.dylib in Frameworks */ = {isa = PBXBuildFile; fileRef = 5DD44AB0163DBB3D0097D467 /* libG4track.dylib */; settings = {ATTRIBUTES = (Weak, ); }; };
		5DD44AD2163DBB3D0097D467 /* libG4tracking.dylib in Frameworks */ = {isa = PBXBuildFile; fileRef = 5DD44AB1163DBB3D0097D467 /* libG4tracking.dylib */; settings = {ATTRIBUTES = (Weak, ); }; };
		5DD44AD3163DBB3D0097D467 /* libG4Tree.dylib in Frameworks */ = {isa = PBXBuildFile; fileRef = 5DD44AB2163DBB3D0097D467 /* libG4Tree.dylib */; settings = {ATTRIBUTES = (Weak, ); }; };
		5DD44AD4163DBB3D0097D467 /* libG4vis_management.dylib in Frameworks */ = {isa = PBXBuildFile; fileRef = 5DD44AB3163DBB3D0097D467 /* libG4vis_management.dylib */; settings = {ATTRIBUTES = (Weak, ); }; };
		5DD44AD5163DBB3D0097D467 /* libG4visHepRep.dylib in Frameworks */ = {isa = PBXBuildFile; fileRef = 5DD44AB4163DBB3D0097D467 /* libG4visHepRep.dylib */; settings = {ATTRIBUTES = (Weak, ); }; };
		5DD44AD6163DBB3D0097D467 /* libG4visXXX.dylib in Frameworks */ = {isa = PBXBuildFile; fileRef = 5DD44AB5163DBB3D0097D467 /* libG4visXXX.dylib */; settings = {ATTRIBUTES = (Weak, ); }; };
		5DD44AD7163DBB3D0097D467 /* libG4VRML.dylib in Frameworks */ = {isa = PBXBuildFile; fileRef = 5DD44AB6163DBB3D0097D467 /* libG4VRML.dylib */; settings = {ATTRIBUTES = (Weak, ); }; };
		5DD44AD8163DBB3D0097D467 /* libG4zlib.dylib in Frameworks */ = {isa = PBXBuildFile; fileRef = 5DD44AB7163DBB3D0097D467 /* libG4zlib.dylib */; settings = {ATTRIBUTES = (Weak, ); }; };
		5DD44AE9163DBFCB0097D467 /* DetectorConstruction.cc in Sources */ = {isa = PBXBuildFile; fileRef = 5DD44AE6163DBFCB0097D467 /* DetectorConstruction.cc */; };
		5DD44AEA163DBFCB0097D467 /* PhysicsList.cc in Sources */ = {isa = PBXBuildFile; fileRef = 5DD44AE7163DBFCB0097D467 /* PhysicsList.cc */; };
		5DD44AEB163DBFCB0097D467 /* PrimaryGeneratorAction.cc in Sources */ = {isa = PBXBuildFile; fileRef = 5DD44AE8163DBFCB0097D467 /* PrimaryGeneratorAction.cc */; };
		5DD44AED163DC29C0097D467 /* libG4processes.dylib in Frameworks */ = {isa = PBXBuildFile; fileRef = 5DD44AEC163DC29C0097D467 /* libG4processes.dylib */; settings = {ATTRIBUTES = (Weak, ); }; };
/* End PBXBuildFile section */

/* Begin PBXCopyFilesBuildPhase section */
		5DC9BD57163AD1BF00FD09EC /* CopyFiles */ = {
			isa = PBXCopyFilesBuildPhase;
			buildActionMask = 2147483647;
			dstPath = /usr/share/man/man1/;
			dstSubfolderSpec = 0;
			files = (
			);
			runOnlyForDeploymentPostprocessing = 1;
		};
/* End PBXCopyFilesBuildPhase section */

/* Begin PBXFileReference section */
		5D2F228A163EB4C600958E16 /* EventAction.cc */ = {isa = PBXFileReference; fileEncoding = 4; lastKnownFileType = sourcecode.cpp.cpp; path = EventAction.cc; sourceTree = "<group>"; };
		5D2F228B163EB4C600958E16 /* Root.cc */ = {isa = PBXFileReference; fileEncoding = 4; lastKnownFileType = sourcecode.cpp.cpp; path = Root.cc; sourceTree = "<group>"; };
		5D2F228C163EB4C600958E16 /* SteppingAction.cc */ = {isa = PBXFileReference; fileEncoding = 4; lastKnownFileType = sourcecode.cpp.cpp; path = SteppingAction.cc; sourceTree = "<group>"; };
		5D2F2290163EB4D500958E16 /* EventAction.hh */ = {isa = PBXFileReference; fileEncoding = 4; lastKnownFileType = sourcecode.cpp.h; path = EventAction.hh; sourceTree = "<group>"; };
		5D2F2291163EB4D500958E16 /* Root.hh */ = {isa = PBXFileReference; fileEncoding = 4; lastKnownFileType = sourcecode.cpp.h; path = Root.hh; sourceTree = "<group>"; };
		5D2F2292163EB4D500958E16 /* SteppingAction.hh */ = {isa = PBXFileReference; fileEncoding = 4; lastKnownFileType = sourcecode.cpp.h; path = SteppingAction.hh; sourceTree = "<group>"; };
		5D2F2293163EDC7C00958E16 /* libCore.so */ = {isa = PBXFileReference; lastKnownFileType = "compiled.mach-o.dylib"; name = libCore.so; path = /Applications/ROOT/root/lib/libCore.so; sourceTree = "<absolute>"; };
		5D2F2294163EDC7C00958E16 /* libRIO.so */ = {isa = PBXFileReference; lastKnownFileType = "compiled.mach-o.dylib"; name = libRIO.so; path = /Applications/ROOT/root/lib/libRIO.so; sourceTree = "<absolute>"; };
		5D2F2295163EDC7C00958E16 /* libTree.so */ = {isa = PBXFileReference; lastKnownFileType = "compiled.mach-o.dylib"; name = libTree.so; path = /Applications/ROOT/root/lib/libTree.so; sourceTree = "<absolute>"; };
		5D2F229C163F055400958E16 /* DetectorConstructionMessenger.cc */ = {isa = PBXFileReference; fileEncoding = 4; lastKnownFileType = sourcecode.cpp.cpp; path = DetectorConstructionMessenger.cc; sourceTree = "<group>"; };
		5D2F229E163F056400958E16 /* DetectorConstructionMessenger.hh */ = {isa = PBXFileReference; lastKnownFileType = sourcecode.cpp.h; path = DetectorConstructionMessenger.hh; sourceTree = "<group>"; };
		5DC9BD59163AD1BF00FD09EC /* Simple_muon_sim */ = {isa = PBXFileReference; explicitFileType = "compiled.mach-o.executable"; includeInIndex = 0; path = Simple_muon_sim; sourceTree = BUILT_PRODUCTS_DIR; };
		5DC9BD5F163AD1BF00FD09EC /* Simple_muon_sim.1 */ = {isa = PBXFileReference; lastKnownFileType = text.man; path = Simple_muon_sim.1; sourceTree = "<group>"; };
		5DC9BD8B163AD77100FD09EC /* DetectorConstruction.hh */ = {isa = PBXFileReference; fileEncoding = 4; lastKnownFileType = sourcecode.cpp.h; path = DetectorConstruction.hh; sourceTree = "<group>"; };
		5DC9BD8D163AD77100FD09EC /* PrimaryGeneratorAction.hh */ = {isa = PBXFileReference; fileEncoding = 4; lastKnownFileType = sourcecode.cpp.h; path = PrimaryGeneratorAction.hh; sourceTree = "<group>"; };
		5DC9BD8E163AD77100FD09EC /* README */ = {isa = PBXFileReference; fileEncoding = 4; lastKnownFileType = text; path = README; sourceTree = "<group>"; };
		5DC9BD8F163AD77100FD09EC /* Simple_muon_sim.cc */ = {isa = PBXFileReference; fileEncoding = 4; lastKnownFileType = sourcecode.cpp.cpp; path = Simple_muon_sim.cc; sourceTree = "<group>"; };
		5DD44A98163DBB3D0097D467 /* libG4analysis.dylib */ = {isa = PBXFileReference; lastKnownFileType = "compiled.mach-o.dylib"; name = libG4analysis.dylib; path = /usr/local/lib/libG4analysis.dylib; sourceTree = "<absolute>"; };
		5DD44A99163DBB3D0097D467 /* libG4clhep.dylib */ = {isa = PBXFileReference; lastKnownFileType = "compiled.mach-o.dylib"; name = libG4clhep.dylib; path = /usr/local/lib/libG4clhep.dylib; sourceTree = "<absolute>"; };
		5DD44A9A163DBB3D0097D467 /* libG4digits_hits.dylib */ = {isa = PBXFileReference; lastKnownFileType = "compiled.mach-o.dylib"; name = libG4digits_hits.dylib; path = /usr/local/lib/libG4digits_hits.dylib; sourceTree = "<absolute>"; };
		5DD44A9B163DBB3D0097D467 /* libG4error_propagation.dylib */ = {isa = PBXFileReference; lastKnownFileType = "compiled.mach-o.dylib"; name = libG4error_propagation.dylib; path = /usr/local/lib/libG4error_propagation.dylib; sourceTree = "<absolute>"; };
		5DD44A9C163DBB3D0097D467 /* libG4event.dylib */ = {isa = PBXFileReference; lastKnownFileType = "compiled.mach-o.dylib"; name = libG4event.dylib; path = /usr/local/lib/libG4event.dylib; sourceTree = "<absolute>"; };
		5DD44A9D163DBB3D0097D467 /* libG4FR.dylib */ = {isa = PBXFileReference; lastKnownFileType = "compiled.mach-o.dylib"; name = libG4FR.dylib; path = /usr/local/lib/libG4FR.dylib; sourceTree = "<absolute>"; };
		5DD44A9E163DBB3D0097D467 /* libG4geometry.dylib */ = {isa = PBXFileReference; lastKnownFileType = "compiled.mach-o.dylib"; name = libG4geometry.dylib; path = /usr/local/lib/libG4geometry.dylib; sourceTree = "<absolute>"; };
		5DD44A9F163DBB3D0097D467 /* libG4gl2ps.dylib */ = {isa = PBXFileReference; lastKnownFileType = "compiled.mach-o.dylib"; name = libG4gl2ps.dylib; path = /usr/local/lib/libG4gl2ps.dylib; sourceTree = "<absolute>"; };
		5DD44AA0163DBB3D0097D467 /* libG4global.dylib */ = {isa = PBXFileReference; lastKnownFileType = "compiled.mach-o.dylib"; name = libG4global.dylib; path = /usr/local/lib/libG4global.dylib; sourceTree = "<absolute>"; };
		5DD44AA1163DBB3D0097D467 /* libG4GMocren.dylib */ = {isa = PBXFileReference; lastKnownFileType = "compiled.mach-o.dylib"; name = libG4GMocren.dylib; path = /usr/local/lib/libG4GMocren.dylib; sourceTree = "<absolute>"; };
		5DD44AA2163DBB3D0097D467 /* libG4graphics_reps.dylib */ = {isa = PBXFileReference; lastKnownFileType = "compiled.mach-o.dylib"; name = libG4graphics_reps.dylib; path = /usr/local/lib/libG4graphics_reps.dylib; sourceTree = "<absolute>"; };
		5DD44AA3163DBB3D0097D467 /* libG4intercoms.dylib */ = {isa = PBXFileReference; lastKnownFileType = "compiled.mach-o.dylib"; name = libG4intercoms.dylib; path = /usr/local/lib/libG4intercoms.dylib; sourceTree = "<absolute>"; };
		5DD44AA4163DBB3D0097D467 /* libG4interfaces.dylib */ = {isa = PBXFileReference; lastKnownFileType = "compiled.mach-o.dylib"; name = libG4interfaces.dylib; path = /usr/local/lib/libG4interfaces.dylib; sourceTree = "<absolute>"; };
		5DD44AA5163DBB3D0097D467 /* libG4materials.dylib */ = {isa = PBXFileReference; lastKnownFileType = "compiled.mach-o.dylib"; name = libG4materials.dylib; path = /usr/local/lib/libG4materials.dylib; sourceTree = "<absolute>"; };
		5DD44AA6163DBB3D0097D467 /* libG4modeling.dylib */ = {isa = PBXFileReference; lastKnownFileType = "compiled.mach-o.dylib"; name = libG4modeling.dylib; path = /usr/local/lib/libG4modeling.dylib; sourceTree = "<absolute>"; };
		5DD44AA7163DBB3D0097D467 /* libG4OpenGL.dylib */ = {isa = PBXFileReference; lastKnownFileType = "compiled.mach-o.dylib"; name = libG4OpenGL.dylib; path = /usr/local/lib/libG4OpenGL.dylib; sourceTree = "<absolute>"; };
		5DD44AA8163DBB3D0097D467 /* libG4parmodels.dylib */ = {isa = PBXFileReference; lastKnownFileType = "compiled.mach-o.dylib"; name = libG4parmodels.dylib; path = /usr/local/lib/libG4parmodels.dylib; sourceTree = "<absolute>"; };
		5DD44AA9163DBB3D0097D467 /* libG4particles.dylib */ = {isa = PBXFileReference; lastKnownFileType = "compiled.mach-o.dylib"; name = libG4particles.dylib; path = /usr/local/lib/libG4particles.dylib; sourceTree = "<absolute>"; };
		5DD44AAA163DBB3D0097D467 /* libG4persistency.dylib */ = {isa = PBXFileReference; lastKnownFileType = "compiled.mach-o.dylib"; name = libG4persistency.dylib; path = /usr/local/lib/libG4persistency.dylib; sourceTree = "<absolute>"; };
		5DD44AAB163DBB3D0097D467 /* libG4physicslists.dylib */ = {isa = PBXFileReference; lastKnownFileType = "compiled.mach-o.dylib"; name = libG4physicslists.dylib; path = /usr/local/lib/libG4physicslists.dylib; sourceTree = "<absolute>"; };
		5DD44AAD163DBB3D0097D467 /* libG4RayTracer.dylib */ = {isa = PBXFileReference; lastKnownFileType = "compiled.mach-o.dylib"; name = libG4RayTracer.dylib; path = /usr/local/lib/libG4RayTracer.dylib; sourceTree = "<absolute>"; };
		5DD44AAE163DBB3D0097D467 /* libG4readout.dylib */ = {isa = PBXFileReference; lastKnownFileType = "compiled.mach-o.dylib"; name = libG4readout.dylib; path = /usr/local/lib/libG4readout.dylib; sourceTree = "<absolute>"; };
		5DD44AAF163DBB3D0097D467 /* libG4run.dylib */ = {isa = PBXFileReference; lastKnownFileType = "compiled.mach-o.dylib"; name = libG4run.dylib; path = /usr/local/lib/libG4run.dylib; sourceTree = "<absolute>"; };
		5DD44AB0163DBB3D0097D467 /* libG4track.dylib */ = {isa = PBXFileReference; lastKnownFileType = "compiled.mach-o.dylib"; name = libG4track.dylib; path = /usr/local/lib/libG4track.dylib; sourceTree = "<absolute>"; };
		5DD44AB1163DBB3D0097D467 /* libG4tracking.dylib */ = {isa = PBXFileReference; lastKnownFileType = "compiled.mach-o.dylib"; name = libG4tracking.dylib; path = /usr/local/lib/libG4tracking.dylib; sourceTree = "<absolute>"; };
		5DD44AB2163DBB3D0097D467 /* libG4Tree.dylib */ = {isa = PBXFileReference; lastKnownFileType = "compiled.mach-o.dylib"; name = libG4Tree.dylib; path = /usr/local/lib/libG4Tree.dylib; sourceTree = "<absolute>"; };
		5DD44AB3163DBB3D0097D467 /* libG4vis_management.dylib */ = {isa = PBXFileReference; lastKnownFileType = "compiled.mach-o.dylib"; name = libG4vis_management.dylib; path = /usr/local/lib/libG4vis_management.dylib; sourceTree = "<absolute>"; };
		5DD44AB4163DBB3D0097D467 /* libG4visHepRep.dylib */ = {isa = PBXFileReference; lastKnownFileType = "compiled.mach-o.dylib"; name = libG4visHepRep.dylib; path = /usr/local/lib/libG4visHepRep.dylib; sourceTree = "<absolute>"; };
		5DD44AB5163DBB3D0097D467 /* libG4visXXX.dylib */ = {isa = PBXFileReference; lastKnownFileType = "compiled.mach-o.dylib"; name = libG4visXXX.dylib; path = /usr/local/lib/libG4visXXX.dylib; sourceTree = "<absolute>"; };
		5DD44AB6163DBB3D0097D467 /* libG4VRML.dylib */ = {isa = PBXFileReference; lastKnownFileType = "compiled.mach-o.dylib"; name = libG4VRML.dylib; path = /usr/local/lib/libG4VRML.dylib; sourceTree = "<absolute>"; };
		5DD44AB7163DBB3D0097D467 /* libG4zlib.dylib */ = {isa = PBXFileReference; lastKnownFileType = "compiled.mach-o.dylib"; name = libG4zlib.dylib; path = /usr/local/lib/libG4zlib.dylib; sourceTree = "<absolute>"; };
		5DD44ADD163DBDF00097D467 /* libCLHEP-2.1.2.0.dylib */ = {isa = PBXFileReference; lastKnownFileType = "compiled.mach-o.dylib"; name = "libCLHEP-2.1.2.0.dylib"; path = "/usr/local/lib/libCLHEP-2.1.2.0.dylib"; sourceTree = "<absolute>"; };
		5DD44AE6163DBFCB0097D467 /* DetectorConstruction.cc */ = {isa = PBXFileReference; fileEncoding = 4; lastKnownFileType = sourcecode.cpp.cpp; path = DetectorConstruction.cc; sourceTree = "<group>"; };
		5DD44AE7163DBFCB0097D467 /* PhysicsList.cc */ = {isa = PBXFileReference; fileEncoding = 4; lastKnownFileType = sourcecode.cpp.cpp; path = PhysicsList.cc; sourceTree = "<group>"; };
		5DD44AE8163DBFCB0097D467 /* PrimaryGeneratorAction.cc */ = {isa = PBXFileReference; fileEncoding = 4; lastKnownFileType = sourcecode.cpp.cpp; path = PrimaryGeneratorAction.cc; sourceTree = "<group>"; };
		5DD44AEC163DC29C0097D467 /* libG4processes.dylib */ = {isa = PBXFileReference; lastKnownFileType = "compiled.mach-o.dylib"; name = libG4processes.dylib; path = /usr/local/lib/libG4processes.dylib; sourceTree = "<absolute>"; };
		5DD44AF1163DC7210097D467 /* PhysicsList.hh */ = {isa = PBXFileReference; fileEncoding = 4; lastKnownFileType = sourcecode.cpp.h; path = PhysicsList.hh; sourceTree = "<group>"; };
/* End PBXFileReference section */

/* Begin PBXFrameworksBuildPhase section */
		5DC9BD56163AD1BF00FD09EC /* Frameworks */ = {
			isa = PBXFrameworksBuildPhase;
			buildActionMask = 2147483647;
			files = (
				5D2F2296163EDC7C00958E16 /* libCore.so in Frameworks */,
				5D2F2297163EDC7C00958E16 /* libRIO.so in Frameworks */,
				5D2F2298163EDC7C00958E16 /* libTree.so in Frameworks */,
				5DD44AED163DC29C0097D467 /* libG4processes.dylib in Frameworks */,
				5DD44AB9163DBB3D0097D467 /* libG4analysis.dylib in Frameworks */,
				5DD44ABA163DBB3D0097D467 /* libG4clhep.dylib in Frameworks */,
				5DD44ABB163DBB3D0097D467 /* libG4digits_hits.dylib in Frameworks */,
				5DD44ABC163DBB3D0097D467 /* libG4error_propagation.dylib in Frameworks */,
				5DD44ABD163DBB3D0097D467 /* libG4event.dylib in Frameworks */,
				5DD44ABE163DBB3D0097D467 /* libG4FR.dylib in Frameworks */,
				5DD44ABF163DBB3D0097D467 /* libG4geometry.dylib in Frameworks */,
				5DD44AC0163DBB3D0097D467 /* libG4gl2ps.dylib in Frameworks */,
				5DD44AC1163DBB3D0097D467 /* libG4global.dylib in Frameworks */,
				5DD44AC2163DBB3D0097D467 /* libG4GMocren.dylib in Frameworks */,
				5DD44AC3163DBB3D0097D467 /* libG4graphics_reps.dylib in Frameworks */,
				5DD44AC4163DBB3D0097D467 /* libG4intercoms.dylib in Frameworks */,
				5DD44AC5163DBB3D0097D467 /* libG4interfaces.dylib in Frameworks */,
				5DD44AC6163DBB3D0097D467 /* libG4materials.dylib in Frameworks */,
				5DD44AC7163DBB3D0097D467 /* libG4modeling.dylib in Frameworks */,
				5DD44AC8163DBB3D0097D467 /* libG4OpenGL.dylib in Frameworks */,
				5DD44AC9163DBB3D0097D467 /* libG4parmodels.dylib in Frameworks */,
				5DD44ACA163DBB3D0097D467 /* libG4particles.dylib in Frameworks */,
				5DD44ACB163DBB3D0097D467 /* libG4persistency.dylib in Frameworks */,
				5DD44ACC163DBB3D0097D467 /* libG4physicslists.dylib in Frameworks */,
				5DD44ACE163DBB3D0097D467 /* libG4RayTracer.dylib in Frameworks */,
				5DD44ACF163DBB3D0097D467 /* libG4readout.dylib in Frameworks */,
				5DD44AD0163DBB3D0097D467 /* libG4run.dylib in Frameworks */,
				5DD44AD1163DBB3D0097D467 /* libG4track.dylib in Frameworks */,
				5DD44AD2163DBB3D0097D467 /* libG4tracking.dylib in Frameworks */,
				5DD44AD3163DBB3D0097D467 /* libG4Tree.dylib in Frameworks */,
				5DD44AD4163DBB3D0097D467 /* libG4vis_management.dylib in Frameworks */,
				5DD44AD5163DBB3D0097D467 /* libG4visHepRep.dylib in Frameworks */,
				5DD44AD6163DBB3D0097D467 /* libG4visXXX.dylib in Frameworks */,
				5DD44AD7163DBB3D0097D467 /* libG4VRML.dylib in Frameworks */,
				5DD44AD8163DBB3D0097D467 /* libG4zlib.dylib in Frameworks */,
			);
			runOnlyForDeploymentPostprocessing = 0;
		};
/* End PBXFrameworksBuildPhase section */

/* Begin PBXGroup section */
		5DC9BD4E163AD1BF00FD09EC = {
			isa = PBXGroup;
			children = (
				5DD44ADA163DBB5A0097D467 /* Libraries */,
				5DC9BD5C163AD1BF00FD09EC /* Simple_muon_sim */,
				5DC9BD5A163AD1BF00FD09EC /* Products */,
			);
			sourceTree = "<group>";
		};
		5DC9BD5A163AD1BF00FD09EC /* Products */ = {
			isa = PBXGroup;
			children = (
				5DC9BD59163AD1BF00FD09EC /* Simple_muon_sim */,
			);
			name = Products;
			sourceTree = "<group>";
		};
		5DC9BD5C163AD1BF00FD09EC /* Simple_muon_sim */ = {
			isa = PBXGroup;
			children = (
				5DC9BD8A163AD77100FD09EC /* include */,
				5DC9BD8E163AD77100FD09EC /* README */,
				5DC9BD8F163AD77100FD09EC /* Simple_muon_sim.cc */,
				5DC9BD90163AD77100FD09EC /* src */,
				5DC9BD5F163AD1BF00FD09EC /* Simple_muon_sim.1 */,
			);
			path = Simple_muon_sim;
			sourceTree = "<group>";
		};
		5DC9BD8A163AD77100FD09EC /* include */ = {
			isa = PBXGroup;
			children = (
				5DC9BD8B163AD77100FD09EC /* DetectorConstruction.hh */,
				5DC9BD8D163AD77100FD09EC /* PrimaryGeneratorAction.hh */,
				5D2F229E163F056400958E16 /* DetectorConstructionMessenger.hh */,
				5DD44AF1163DC7210097D467 /* PhysicsList.hh */,
				5D2F2290163EB4D500958E16 /* EventAction.hh */,
				5D2F2291163EB4D500958E16 /* Root.hh */,
				5D2F2292163EB4D500958E16 /* SteppingAction.hh */,
			);
			path = include;
			sourceTree = "<group>";
		};
		5DC9BD90163AD77100FD09EC /* src */ = {
			isa = PBXGroup;
			children = (
				5DD44AE6163DBFCB0097D467 /* DetectorConstruction.cc */,
				5D2F229C163F055400958E16 /* DetectorConstructionMessenger.cc */,
				5D2F228A163EB4C600958E16 /* EventAction.cc */,
				5D2F228B163EB4C600958E16 /* Root.cc */,
				5D2F228C163EB4C600958E16 /* SteppingAction.cc */,
				5DD44AE7163DBFCB0097D467 /* PhysicsList.cc */,
				5DD44AE8163DBFCB0097D467 /* PrimaryGeneratorAction.cc */,
			);
			path = src;
			sourceTree = "<group>";
		};
		5DD44ADA163DBB5A0097D467 /* Libraries */ = {
			isa = PBXGroup;
			children = (
				5D2F2293163EDC7C00958E16 /* libCore.so */,
				5D2F2294163EDC7C00958E16 /* libRIO.so */,
				5D2F2295163EDC7C00958E16 /* libTree.so */,
				5DD44ADD163DBDF00097D467 /* libCLHEP-2.1.2.0.dylib */,
				5DD44A98163DBB3D0097D467 /* libG4analysis.dylib */,
				5DD44A99163DBB3D0097D467 /* libG4clhep.dylib */,
				5DD44A9A163DBB3D0097D467 /* libG4digits_hits.dylib */,
				5DD44A9B163DBB3D0097D467 /* libG4error_propagation.dylib */,
				5DD44A9C163DBB3D0097D467 /* libG4event.dylib */,
				5DD44A9D163DBB3D0097D467 /* libG4FR.dylib */,
				5DD44A9E163DBB3D0097D467 /* libG4geometry.dylib */,
				5DD44A9F163DBB3D0097D467 /* libG4gl2ps.dylib */,
				5DD44AEC163DC29C0097D467 /* libG4processes.dylib */,
				5DD44AA0163DBB3D0097D467 /* libG4global.dylib */,
				5DD44AA1163DBB3D0097D467 /* libG4GMocren.dylib */,
				5DD44AA2163DBB3D0097D467 /* libG4graphics_reps.dylib */,
				5DD44AA3163DBB3D0097D467 /* libG4intercoms.dylib */,
				5DD44AA4163DBB3D0097D467 /* libG4interfaces.dylib */,
				5DD44AA5163DBB3D0097D467 /* libG4materials.dylib */,
				5DD44AA6163DBB3D0097D467 /* libG4modeling.dylib */,
				5DD44AA7163DBB3D0097D467 /* libG4OpenGL.dylib */,
				5DD44AA8163DBB3D0097D467 /* libG4parmodels.dylib */,
				5DD44AA9163DBB3D0097D467 /* libG4particles.dylib */,
				5DD44AAA163DBB3D0097D467 /* libG4persistency.dylib */,
				5DD44AAB163DBB3D0097D467 /* libG4physicslists.dylib */,
				5DD44AAD163DBB3D0097D467 /* libG4RayTracer.dylib */,
				5DD44AAE163DBB3D0097D467 /* libG4readout.dylib */,
				5DD44AAF163DBB3D0097D467 /* libG4run.dylib */,
				5DD44AB0163DBB3D0097D467 /* libG4track.dylib */,
				5DD44AB1163DBB3D0097D467 /* libG4tracking.dylib */,
				5DD44AB2163DBB3D0097D467 /* libG4Tree.dylib */,
				5DD44AB3163DBB3D0097D467 /* libG4vis_management.dylib */,
				5DD44AB4163DBB3D0097D467 /* libG4visHepRep.dylib */,
				5DD44AB5163DBB3D0097D467 /* libG4visXXX.dylib */,
				5DD44AB6163DBB3D0097D467 /* libG4VRML.dylib */,
				5DD44AB7163DBB3D0097D467 /* libG4zlib.dylib */,
			);
			name = Libraries;
			sourceTree = "<group>";
		};
/* End PBXGroup section */

/* Begin PBXNativeTarget section */
		5DC9BD58163AD1BF00FD09EC /* Simple_muon_sim */ = {
			isa = PBXNativeTarget;
			buildConfigurationList = 5DC9BD63163AD1BF00FD09EC /* Build configuration list for PBXNativeTarget "Simple_muon_sim" */;
			buildPhases = (
				5DC9BD55163AD1BF00FD09EC /* Sources */,
				5DC9BD56163AD1BF00FD09EC /* Frameworks */,
				5DC9BD57163AD1BF00FD09EC /* CopyFiles */,
			);
			buildRules = (
			);
			dependencies = (
			);
			name = Simple_muon_sim;
			productName = Simple_muon_sim;
			productReference = 5DC9BD59163AD1BF00FD09EC /* Simple_muon_sim */;
			productType = "com.apple.product-type.tool";
		};
/* End PBXNativeTarget section */

/* Begin PBXProject section */
		5DC9BD50163AD1BF00FD09EC /* Project object */ = {
			isa = PBXProject;
			attributes = {
				LastUpgradeCheck = 0450;
				ORGANIZATIONNAME = "Sam Cook";
			};
			buildConfigurationList = 5DC9BD53163AD1BF00FD09EC /* Build configuration list for PBXProject "Simple_muon_sim" */;
			compatibilityVersion = "Xcode 3.2";
			developmentRegion = English;
			hasScannedForEncodings = 0;
			knownRegions = (
				en,
			);
			mainGroup = 5DC9BD4E163AD1BF00FD09EC;
			productRefGroup = 5DC9BD5A163AD1BF00FD09EC /* Products */;
			projectDirPath = "";
			projectRoot = "";
			targets = (
				5DC9BD58163AD1BF00FD09EC /* Simple_muon_sim */,
			);
		};
/* End PBXProject section */

/* Begin PBXSourcesBuildPhase section */
		5DC9BD55163AD1BF00FD09EC /* Sources */ = {
			isa = PBXSourcesBuildPhase;
			buildActionMask = 2147483647;
			files = (
				5DC9BD94163AD77100FD09EC /* Simple_muon_sim.cc in Sources */,
				5DD44AE9163DBFCB0097D467 /* DetectorConstruction.cc in Sources */,
				5DD44AEA163DBFCB0097D467 /* PhysicsList.cc in Sources */,
				5DD44AEB163DBFCB0097D467 /* PrimaryGeneratorAction.cc in Sources */,
				5D2F228D163EB4C600958E16 /* EventAction.cc in Sources */,
				5D2F228E163EB4C600958E16 /* Root.cc in Sources */,
				5D2F228F163EB4C600958E16 /* SteppingAction.cc in Sources */,
				5D2F229D163F055400958E16 /* DetectorConstructionMessenger.cc in Sources */,
			);
			runOnlyForDeploymentPostprocessing = 0;
		};
/* End PBXSourcesBuildPhase section */

/* Begin XCBuildConfiguration section */
		5DC9BD61163AD1BF00FD09EC /* Debug */ = {
			isa = XCBuildConfiguration;
			buildSettings = {
				ALWAYS_SEARCH_USER_PATHS = YES;
				ARCHS = "$(ARCHS_STANDARD_64_BIT)";
				CLANG_CXX_LANGUAGE_STANDARD = "compiler-default";
				CLANG_CXX_LIBRARY = "compiler-default";
				CLANG_WARN_EMPTY_BODY = YES;
				CLANG_WARN__DUPLICATE_METHOD_MATCH = YES;
				COPY_PHASE_STRIP = NO;
				GCC_C_LANGUAGE_STANDARD = "compiler-default";
				GCC_DYNAMIC_NO_PIC = NO;
				GCC_ENABLE_OBJC_EXCEPTIONS = YES;
				GCC_OPTIMIZATION_LEVEL = 0;
				GCC_PREPROCESSOR_DEFINITIONS = (
					"DEBUG=1",
					"$(inherited)",
				);
				GCC_SYMBOLS_PRIVATE_EXTERN = NO;
				GCC_WARN_64_TO_32_BIT_CONVERSION = YES;
				GCC_WARN_ABOUT_RETURN_TYPE = YES;
				GCC_WARN_UNINITIALIZED_AUTOS = YES;
				GCC_WARN_UNUSED_VARIABLE = YES;
				HEADER_SEARCH_PATHS = (
					"/usr/local/include/Geant4/**",
					"/usr/local/include/CLHEP/**",
				);
				LIBRARY_SEARCH_PATHS = (
					/usr/local/lib,
					/Applications/ROOT/root/lib,
				);
				MACOSX_DEPLOYMENT_TARGET = 10.8;
				ONLY_ACTIVE_ARCH = YES;
				OTHER_LDFLAGS = "";
				SDKROOT = macosx;
				USER_HEADER_SEARCH_PATHS = "/usr/local/include/Geant4/** /usr/local/include/CLHEP/** /Applications/ROOT/root/include";
			};
			name = Debug;
		};
		5DC9BD62163AD1BF00FD09EC /* Release */ = {
			isa = XCBuildConfiguration;
			buildSettings = {
				ALWAYS_SEARCH_USER_PATHS = YES;
				ARCHS = "$(ARCHS_STANDARD_64_BIT)";
				CLANG_CXX_LANGUAGE_STANDARD = "compiler-default";
				CLANG_CXX_LIBRARY = "compiler-default";
				CLANG_WARN_EMPTY_BODY = YES;
				CLANG_WARN__DUPLICATE_METHOD_MATCH = YES;
				COPY_PHASE_STRIP = YES;
				DEBUG_INFORMATION_FORMAT = "dwarf-with-dsym";
				GCC_C_LANGUAGE_STANDARD = "compiler-default";
				GCC_ENABLE_OBJC_EXCEPTIONS = YES;
				GCC_WARN_64_TO_32_BIT_CONVERSION = YES;
				GCC_WARN_ABOUT_RETURN_TYPE = YES;
				GCC_WARN_UNINITIALIZED_AUTOS = YES;
				GCC_WARN_UNUSED_VARIABLE = YES;
				HEADER_SEARCH_PATHS = (
					"/usr/local/include/Geant4/**",
					"/usr/local/include/CLHEP/**",
				);
				LIBRARY_SEARCH_PATHS = (
					/usr/local/lib,
					/Applications/ROOT/root/lib,
				);
				MACOSX_DEPLOYMENT_TARGET = 10.8;
				OTHER_LDFLAGS = "";
				SDKROOT = macosx;
				USER_HEADER_SEARCH_PATHS = "/usr/local/include/Geant4/** /usr/local/include/CLHEP/** /Applications/ROOT/root/include";
			};
			name = Release;
		};
		5DC9BD64163AD1BF00FD09EC /* Debug */ = {
			isa = XCBuildConfiguration;
			buildSettings = {
				CLANG_CXX_LANGUAGE_STANDARD = "compiler-default";
				CLANG_CXX_LIBRARY = "compiler-default";
				GCC_C_LANGUAGE_STANDARD = "compiler-default";
				HEADER_SEARCH_PATHS = "$(inherited)";
				LIBRARY_SEARCH_PATHS = (
					"$(inherited)",
					"\"$(SYSTEM_APPS_DIR)/ROOT/root/lib\"",
				);
				PRODUCT_NAME = "$(TARGET_NAME)";
				USER_HEADER_SEARCH_PATHS = "$(inherited)";
				VALID_ARCHS = x86_64;
			};
			name = Debug;
		};
		5DC9BD65163AD1BF00FD09EC /* Release */ = {
			isa = XCBuildConfiguration;
			buildSettings = {
				CLANG_CXX_LANGUAGE_STANDARD = "compiler-default";
				CLANG_CXX_LIBRARY = "compiler-default";
				GCC_C_LANGUAGE_STANDARD = "compiler-default";
				HEADER_SEARCH_PATHS = "$(inherited)";
				LIBRARY_SEARCH_PATHS = (
					"$(inherited)",
					"\"$(SYSTEM_APPS_DIR)/ROOT/root/lib\"",
				);
				PRODUCT_NAME = "$(TARGET_NAME)";
				USER_HEADER_SEARCH_PATHS = "$(inherited)";
				VALID_ARCHS = x86_64;
			};
			name = Release;
		};
/* End XCBuildConfiguration section */

/* Begin XCConfigurationList section */
		5DC9BD53163AD1BF00FD09EC /* Build configuration list for PBXProject "Simple_muon_sim" */ = {
			isa = XCConfigurationList;
			buildConfigurations = (
				5DC9BD61163AD1BF00FD09EC /* Debug */,
				5DC9BD62163AD1BF00FD09EC /* Release */,
			);
			defaultConfigurationIsVisible = 0;
			defaultConfigurationName = Release;
		};
		5DC9BD63163AD1BF00FD09EC /* Build configuration list for PBXNativeTarget "Simple_muon_sim" */ = {
			isa = XCConfigurationList;
			buildConfigurations = (
				5DC9BD64163AD1BF00FD09EC /* Debug */,
				5DC9BD65163AD1BF00FD09EC /* Release */,
			);
			defaultConfigurationIsVisible = 0;
			defaultConfigurationName = Release;
		};
/* End XCConfigurationList section */
	};
	rootObject = 5DC9BD50163AD1BF00FD09EC /* Project object */;
}
